
Microsoft Visual Studio Solution File, Format Version 12.00
# Visual Studio 15
VisualStudioVersion = 15.0.28307.421
MinimumVisualStudioVersion = 10.0.40219.1
Project("{9A19103F-16F7-4668-BE54-9A1E7A4F7556}") = "Cinema.WebSite", "Cinema.WebSite\Cinema.WebSite.csproj", "{77433B13-B0F6-4E28-ABF0-257DAA11C715}"
EndProject
Project("{9A19103F-16F7-4668-BE54-9A1E7A4F7556}") = "Cinema.Persistence", "Cinema.Persistence\Cinema.Persistence.csproj", "{F18C6047-D68A-4E8C-A31F-228ED4BBB654}"
EndProject
Project("{9A19103F-16F7-4668-BE54-9A1E7A4F7556}") = "Cinema.WebAPI", "Cinema.WebAPI\Cinema.WebAPI.csproj", "{8AFE6D56-2013-4159-8D00-9E1EA688E16E}"
EndProject
Project("{FAE04EC0-301F-11D3-BF4B-00C04F79EFBC}") = "Cinema.WPF", "Cinema.WPF\Cinema.WPF.csproj", "{9BB55C12-6BEA-41C4-8CB1-BB0C26E7C4F3}"
EndProject
Project("{FAE04EC0-301F-11D3-BF4B-00C04F79EFBC}") = "Cinema.WebAPI.Test", "Cinema.WebAPI.Test\Cinema.WebAPI.Test.csproj", "{9CD37567-10DE-4684-8593-D41D3236718B}"
EndProject
Global
	GlobalSection(SolutionConfigurationPlatforms) = preSolution
		Debug|Any CPU = Debug|Any CPU
		Release|Any CPU = Release|Any CPU
	EndGlobalSection
	GlobalSection(ProjectConfigurationPlatforms) = postSolution
		{77433B13-B0F6-4E28-ABF0-257DAA11C715}.Debug|Any CPU.ActiveCfg = Debug|Any CPU
		{77433B13-B0F6-4E28-ABF0-257DAA11C715}.Debug|Any CPU.Build.0 = Debug|Any CPU
		{77433B13-B0F6-4E28-ABF0-257DAA11C715}.Release|Any CPU.ActiveCfg = Release|Any CPU
		{77433B13-B0F6-4E28-ABF0-257DAA11C715}.Release|Any CPU.Build.0 = Release|Any CPU
		{F18C6047-D68A-4E8C-A31F-228ED4BBB654}.Debug|Any CPU.ActiveCfg = Debug|Any CPU
		{F18C6047-D68A-4E8C-A31F-228ED4BBB654}.Debug|Any CPU.Build.0 = Debug|Any CPU
		{F18C6047-D68A-4E8C-A31F-228ED4BBB654}.Release|Any CPU.ActiveCfg = Release|Any CPU
		{F18C6047-D68A-4E8C-A31F-228ED4BBB654}.Release|Any CPU.Build.0 = Release|Any CPU
		{8AFE6D56-2013-4159-8D00-9E1EA688E16E}.Debug|Any CPU.ActiveCfg = Debug|Any CPU
		{8AFE6D56-2013-4159-8D00-9E1EA688E16E}.Debug|Any CPU.Build.0 = Debug|Any CPU
		{8AFE6D56-2013-4159-8D00-9E1EA688E16E}.Release|Any CPU.ActiveCfg = Release|Any CPU
		{8AFE6D56-2013-4159-8D00-9E1EA688E16E}.Release|Any CPU.Build.0 = Release|Any CPU
		{9BB55C12-6BEA-41C4-8CB1-BB0C26E7C4F3}.Debug|Any CPU.ActiveCfg = Debug|Any CPU
		{9BB55C12-6BEA-41C4-8CB1-BB0C26E7C4F3}.Debug|Any CPU.Build.0 = Debug|Any CPU
		{9BB55C12-6BEA-41C4-8CB1-BB0C26E7C4F3}.Release|Any CPU.ActiveCfg = Release|Any CPU
		{9BB55C12-6BEA-41C4-8CB1-BB0C26E7C4F3}.Release|Any CPU.Build.0 = Release|Any CPU
		{9CD37567-10DE-4684-8593-D41D3236718B}.Debug|Any CPU.ActiveCfg = Debug|Any CPU
		{9CD37567-10DE-4684-8593-D41D3236718B}.Debug|Any CPU.Build.0 = Debug|Any CPU
		{9CD37567-10DE-4684-8593-D41D3236718B}.Release|Any CPU.ActiveCfg = Release|Any CPU
		{9CD37567-10DE-4684-8593-D41D3236718B}.Release|Any CPU.Build.0 = Release|Any CPU
	EndGlobalSection
	GlobalSection(SolutionProperties) = preSolution
		HideSolutionNode = FALSE
	EndGlobalSection
	GlobalSection(ExtensibilityGlobals) = postSolution
		SolutionGuid = {604E7EEC-5E15-4933-9504-24CE29608A51}
	EndGlobalSection
EndGlobal
